
Microsoft Visual Studio Solution File, Format Version 12.00
# Visual Studio Version 16
VisualStudioVersion = 16.0.31129.286
MinimumVisualStudioVersion = 10.0.40219.1
Project("{FAE04EC0-301F-11D3-BF4B-00C04F79EFBC}") = "LinqEntity", "LinqEntity\LinqEntity.csproj", "{46B76629-0137-4709-8604-2577496F686E}"
EndProject
Global
	GlobalSection(SolutionConfigurationPlatforms) = preSolution
		Debug|Any CPU = Debug|Any CPU
		Release|Any CPU = Release|Any CPU
	EndGlobalSection
	GlobalSection(ProjectConfigurationPlatforms) = postSolution
		{46B76629-0137-4709-8604-2577496F686E}.Debug|Any CPU.ActiveCfg = Debug|Any CPU
		{46B76629-0137-4709-8604-2577496F686E}.Debug|Any CPU.Build.0 = Debug|Any CPU
		{46B76629-0137-4709-8604-2577496F686E}.Release|Any CPU.ActiveCfg = Release|Any CPU
		{46B76629-0137-4709-8604-2577496F686E}.Release|Any CPU.Build.0 = Release|Any CPU
	EndGlobalSection
	GlobalSection(SolutionProperties) = preSolution
		HideSolutionNode = FALSE
	EndGlobalSection
	GlobalSection(ExtensibilityGlobals) = postSolution
		SolutionGuid = {75381ABE-56D4-45A1-9BD3-619B855E7673}
	EndGlobalSection
EndGlobal
