
Microsoft Visual Studio Solution File, Format Version 12.00
# Visual Studio Version 16
VisualStudioVersion = 16.0.31129.286
MinimumVisualStudioVersion = 10.0.40219.1
Project("{FAE04EC0-301F-11D3-BF4B-00C04F79EFBC}") = "Ejercicio_1", "Ejercicio_1\Ejercicio_1.csproj", "{07F57F9C-F639-4656-9110-13F04DEAA319}"
EndProject
Global
	GlobalSection(SolutionConfigurationPlatforms) = preSolution
		Debug|Any CPU = Debug|Any CPU
		Release|Any CPU = Release|Any CPU
	EndGlobalSection
	GlobalSection(ProjectConfigurationPlatforms) = postSolution
		{07F57F9C-F639-4656-9110-13F04DEAA319}.Debug|Any CPU.ActiveCfg = Debug|Any CPU
		{07F57F9C-F639-4656-9110-13F04DEAA319}.Debug|Any CPU.Build.0 = Debug|Any CPU
		{07F57F9C-F639-4656-9110-13F04DEAA319}.Release|Any CPU.ActiveCfg = Release|Any CPU
		{07F57F9C-F639-4656-9110-13F04DEAA319}.Release|Any CPU.Build.0 = Release|Any CPU
	EndGlobalSection
	GlobalSection(SolutionProperties) = preSolution
		HideSolutionNode = FALSE
	EndGlobalSection
	GlobalSection(ExtensibilityGlobals) = postSolution
		SolutionGuid = {45E3BD16-E8A1-4959-97FC-F07F940C5881}
	EndGlobalSection
EndGlobal
